
Microsoft Visual Studio Solution File, Format Version 12.00
Project("{FAE04EC0-301F-11D3-BF4B-00C04F79EFBC}") = "StudentCsharp", "StudentCsharp\StudentCsharp.csproj", "{F6366A33-CA68-476E-BC66-3C569A456151}"
EndProject
Global
	GlobalSection(SolutionConfigurationPlatforms) = preSolution
		Debug|Any CPU = Debug|Any CPU
		Release|Any CPU = Release|Any CPU
	EndGlobalSection
	GlobalSection(ProjectConfigurationPlatforms) = postSolution
		{F6366A33-CA68-476E-BC66-3C569A456151}.Debug|Any CPU.ActiveCfg = Debug|Any CPU
		{F6366A33-CA68-476E-BC66-3C569A456151}.Debug|Any CPU.Build.0 = Debug|Any CPU
		{F6366A33-CA68-476E-BC66-3C569A456151}.Release|Any CPU.ActiveCfg = Release|Any CPU
		{F6366A33-CA68-476E-BC66-3C569A456151}.Release|Any CPU.Build.0 = Release|Any CPU
	EndGlobalSection
EndGlobal
